# THIS IS AN AUTOGENERATED FILE. DO NOT EDIT THIS FILE DIRECTLY.
# yarn lockfile v1


perform-ecs@^0.7.8:
  version "0.7.8"
  resolved "https://registry.yarnpkg.com/perform-ecs/-/perform-ecs-0.7.8.tgz#230eadbedf799d29c3d05f62a59536cca0340eb6"
  integrity sha512-+4WYfCW6/ZVYQDF+78RJc7oWmK2dqtfsdDRfB/kyiHfbQfRIWldJqn2hpQt0ByDWQgtFQrMGGpED1S9wQj3WOw==

simple-statistics@^7.0.7:
  version "7.0.7"
  resolved "https://registry.yarnpkg.com/simple-statistics/-/simple-statistics-7.0.7.tgz#ee1c27f5c0d6ad1f9249606b13a8874eaad87447"
  integrity sha512-UnBGuxYzduYZ9ab2ENug7Ht1iLJ/xw1sVHXeasrdIcNX/CIYxYmXk1QJyI/M/GF5vZ9W1MkbOgnL7fX1CSis4A==
